
Microsoft Visual Studio Solution File, Format Version 12.00
# Visual Studio 2013
VisualStudioVersion = 12.0.31101.0
MinimumVisualStudioVersion = 10.0.40219.1
Project("{FAE04EC0-301F-11D3-BF4B-00C04F79EFBC}") = "PcapngUtils", "PcapngUtils.csproj", "{820412DF-CB18-49C4-A1B3-5F37AF5732D4}"
EndProject
Global
	GlobalSection(SolutionConfigurationPlatforms) = preSolution
		Debug_CodeContract|Any CPU = Debug_CodeContract|Any CPU
		Debug|Any CPU = Debug|Any CPU
		Release|Any CPU = Release|Any CPU
	EndGlobalSection
	GlobalSection(ProjectConfigurationPlatforms) = postSolution
		{820412DF-CB18-49C4-A1B3-5F37AF5732D4}.Debug_CodeContract|Any CPU.ActiveCfg = Debug_CodeContract|Any CPU
		{820412DF-CB18-49C4-A1B3-5F37AF5732D4}.Debug_CodeContract|Any CPU.Build.0 = Debug_CodeContract|Any CPU
		{820412DF-CB18-49C4-A1B3-5F37AF5732D4}.Debug|Any CPU.ActiveCfg = Debug|Any CPU
		{820412DF-CB18-49C4-A1B3-5F37AF5732D4}.Debug|Any CPU.Build.0 = Debug|Any CPU
		{820412DF-CB18-49C4-A1B3-5F37AF5732D4}.Release|Any CPU.ActiveCfg = Release|Any CPU
		{820412DF-CB18-49C4-A1B3-5F37AF5732D4}.Release|Any CPU.Build.0 = Release|Any CPU
	EndGlobalSection
	GlobalSection(SolutionProperties) = preSolution
		HideSolutionNode = FALSE
	EndGlobalSection
EndGlobal
